PODS:
  - Nimble (5.1.1)
  - Quick (1.0.0)
  - Tibbi (0.1.0)

DEPENDENCIES:
  - Nimble (~> 5.1.1)
  - Quick (~> 1.0.0)
  - Tibbi (from `../`)

EXTERNAL SOURCES:
  Tibbi:
    :path: "../"

SPEC CHECKSUMS:
  Nimble: 415e3aa3267e7bc2c96b05fa814ddea7bb686a29
  Quick: 8024e4a47e6cc03a9d5245ef0948264fc6d27cff
  Tibbi: 4898261bc2831ffdb067c0c7fc690c29387836ad

PODFILE CHECKSUM: ed4cd15b0e42c6aedb96f51f9b2cfdbbd213bd69

COCOAPODS: 1.2.1
